schema = "reprobuild.solved-graph-lock.v2"

[lock]
platform = "amd64-linux"
optimal = false
inputs_digest = "fnv1a64:a6d4bd3e41021060"
variants = []
packages = [{ name = "gcc", version = "12.0.0", source = "gcc", selection = "selected" }, { name = "nim", version = "2.2.0", source = "nim", selection = "selected" }, { name = "repro_test_adapters", version = "0.1.0", source = "repro_test_adapters", selection = "selected" }]
deps = [{ name = "reprobuild", path = "../reprobuild", coord_kind = "vcs", url = "https://github.com/metacraft-labs/reprobuild", ref = "dev", revision = "76659f5730ecf698b1963c656494d2cb66eb256d", integrity = "git-sha1:76659f5730ecf698b1963c656494d2cb66eb256d", version = "", visibility = "public", participation = "", depends = "", tags = "" }, { name = "reprobuild-test-adapters", path = ".", coord_kind = "vcs", url = "https://github.com/metacraft-labs/reprobuild-test-adapters", ref = "agents-to-dev-2026-10-03", revision = "8791ba68ae3b947fec7429839c28e1ac95424d34", integrity = "git-sha1:8791ba68ae3b947fec7429839c28e1ac95424d34", version = "", visibility = "public", participation = "", depends = "reprobuild", tags = "" }]
